{
  "name": "MediapipeDemoWebApp",
  "lockfileVersion": 3,
  "requires": true,
  "packages": {
    "": {
      "hasInstallScript": true,
      "dependencies": {
        "@huggingface/inference": "^4.13.28",
        "@mediapipe/tasks-vision": "^1.0.1"
      },
      "engines": {
        "node": ">=22"
      }
    },
    "node_modules/@huggingface/inference": {
      "version": "4.13.28",
      "resolved": "https://registry.npmjs.org/@huggingface/inference/-/inference-4.13.28.tgz",
      "integrity": "sha512-KTfWx7+H1xo9cbBrHvF8me/GjujV1W6DRjfKilO8z7UPiNXn8aFJgNwRl0A1g4w/FWnYo6JeNZHh8240BpG9mw==",
      "license": "MIT",
      "dependencies": {
        "@huggingface/jinja": "^0.5.9",
        "@huggingface/tasks": "^0.21.35"
      },
      "engines": {
        "node": ">=18"
      }
    },
    "node_modules/@huggingface/jinja": {
      "version": "0.5.10",
      "resolved": "https://registry.npmjs.org/@huggingface/jinja/-/jinja-0.5.10.tgz",
      "integrity": "sha512-SgS1D1bglQ94ceD4ZCL6eayUDy9uV1xuyk61OjgSxU5GJh7upqZCKII0JoTYMc6wWsg3JUgaPRX0ElQzXPk3Cw==",
      "license": "MIT",
      "engines": {
        "node": ">=18"
      }
    },
    "node_modules/@huggingface/tasks": {
      "version": "0.21.46",
      "resolved": "https://registry.npmjs.org/@huggingface/tasks/-/tasks-0.21.46.tgz",
      "integrity": "sha512-iyRohYSg3tTD0vz6XUOUjN4il/wX/W9SuPfoVo2ZrDKOIPUqE6MCDu83OHekjlSuU6Prqt6nNW0Kpfg3iduewA==",
      "license": "MIT"
    },
    "node_modules/@mediapipe/tasks-vision": {
      "version": "1.0.1",
      "resolved": "https://registry.npmjs.org/@mediapipe/tasks-vision/-/tasks-vision-1.0.1.tgz",
      "integrity": "sha512-rvRE2FmAZ6ZxKSw7wq+e+jQDpN3t1B/tD2mJz9SmAzb1msoDkd4dMoE4wAh8Z30Um0PQwLiHr9QtomhmXk3aUQ==",
      "license": "Apache-2.0"
    }
  }
}
